{
  "name": "babylonjs-popover",
  "version": "0.0.5",
  "lockfileVersion": 3,
  "requires": true,
  "packages": {
    "": {
      "name": "babylonjs-popover",
      "version": "0.0.5",
      "dependencies": {
        "babylonjs": "^7.* || ^8.*"
      }
    },
    "node_modules/babylonjs": {
      "version": "8.49.4",
      "hasInstallScript": true,
      "license": "Apache-2.0"
    }
  }
}
